
Microsoft Visual Studio Solution File, Format Version 12.00
# Visual Studio 15
VisualStudioVersion = 15.0.28307.1321
MinimumVisualStudioVersion = 10.0.40219.1
Project("{8BC9CEB8-8B4A-11D0-8D11-00A0C91BC942}") = "hook_caculator", "hook_caculator\hook_caculator.vcxproj", "{BE2F0FED-542F-4542-9040-2331D511E09D}"
EndProject
Project("{8BC9CEB8-8B4A-11D0-8D11-00A0C91BC942}") = "hookIAT", "hookIAT\hookIAT.vcxproj", "{C3EF32F9-F801-4F7A-B828-732E0F558CE3}"
EndProject
Global
	GlobalSection(SolutionConfigurationPlatforms) = preSolution
		Debug|x64 = Debug|x64
		Debug|x86 = Debug|x86
		Release|x64 = Release|x64
		Release|x86 = Release|x86
	EndGlobalSection
	GlobalSection(ProjectConfigurationPlatforms) = postSolution
		{BE2F0FED-542F-4542-9040-2331D511E09D}.Debug|x64.ActiveCfg = Debug|x64
		{BE2F0FED-542F-4542-9040-2331D511E09D}.Debug|x64.Build.0 = Debug|x64
		{BE2F0FED-542F-4542-9040-2331D511E09D}.Debug|x86.ActiveCfg = Debug|Win32
		{BE2F0FED-542F-4542-9040-2331D511E09D}.Debug|x86.Build.0 = Debug|Win32
		{BE2F0FED-542F-4542-9040-2331D511E09D}.Release|x64.ActiveCfg = Release|x64
		{BE2F0FED-542F-4542-9040-2331D511E09D}.Release|x64.Build.0 = Release|x64
		{BE2F0FED-542F-4542-9040-2331D511E09D}.Release|x86.ActiveCfg = Release|Win32
		{BE2F0FED-542F-4542-9040-2331D511E09D}.Release|x86.Build.0 = Release|Win32
		{C3EF32F9-F801-4F7A-B828-732E0F558CE3}.Debug|x64.ActiveCfg = Debug|x64
		{C3EF32F9-F801-4F7A-B828-732E0F558CE3}.Debug|x64.Build.0 = Debug|x64
		{C3EF32F9-F801-4F7A-B828-732E0F558CE3}.Debug|x86.ActiveCfg = Debug|Win32
		{C3EF32F9-F801-4F7A-B828-732E0F558CE3}.Debug|x86.Build.0 = Debug|Win32
		{C3EF32F9-F801-4F7A-B828-732E0F558CE3}.Release|x64.ActiveCfg = Release|x64
		{C3EF32F9-F801-4F7A-B828-732E0F558CE3}.Release|x64.Build.0 = Release|x64
		{C3EF32F9-F801-4F7A-B828-732E0F558CE3}.Release|x86.ActiveCfg = Release|Win32
		{C3EF32F9-F801-4F7A-B828-732E0F558CE3}.Release|x86.Build.0 = Release|Win32
	EndGlobalSection
	GlobalSection(SolutionProperties) = preSolution
		HideSolutionNode = FALSE
	EndGlobalSection
	GlobalSection(ExtensibilityGlobals) = postSolution
		SolutionGuid = {77B2A904-B3E7-4CE2-9E28-154107FF8694}
	EndGlobalSection
EndGlobal
